// !$*UTF8*$!
{
	archiveVersion = 1;
	classes = {
	};
	objectVersion = 46;
	objects = {

/* Begin PBXBuildFile section */
		4CF842B319415DE3004DCFB6 /* AppDelegate.swift in Sources */ = {isa = PBXBuildFile; fileRef = 4CF842B219415DE3004DCFB6 /* AppDelegate.swift */; };
		4CF842B519415DE3004DCFB6 /* Images.xcassets in Resources */ = {isa = PBXBuildFile; fileRef = 4CF842B419415DE3004DCFB6 /* Images.xcassets */; };
		4CF842C119415DE3004DCFB6 /* DateExtensionTests.swift in Sources */ = {isa = PBXBuildFile; fileRef = 4CF842C019415DE3004DCFB6 /* DateExtensionTests.swift */; };
		4CF842CB19415E18004DCFB6 /* DateExtension.swift in Sources */ = {isa = PBXBuildFile; fileRef = 4CF842CA19415E18004DCFB6 /* DateExtension.swift */; };
		4CF842CC19415E18004DCFB6 /* DateExtension.swift in Sources */ = {isa = PBXBuildFile; fileRef = 4CF842CA19415E18004DCFB6 /* DateExtension.swift */; };
/* End PBXBuildFile section */

/* Begin PBXContainerItemProxy section */
		4CF842BB19415DE3004DCFB6 /* PBXContainerItemProxy */ = {
			isa = PBXContainerItemProxy;
			containerPortal = 4CF842A519415DE3004DCFB6 /* Project object */;
			proxyType = 1;
			remoteGlobalIDString = 4CF842AC19415DE3004DCFB6;
			remoteInfo = DateExtension;
		};
/* End PBXContainerItemProxy section */

/* Begin PBXFileReference section */
		4CF842AD19415DE3004DCFB6 /* DateExtension.app */ = {isa = PBXFileReference; explicitFileType = wrapper.application; includeInIndex = 0; path = DateExtension.app; sourceTree = BUILT_PRODUCTS_DIR; };
		4CF842B119415DE3004DCFB6 /* Info.plist */ = {isa = PBXFileReference; lastKnownFileType = text.plist.xml; path = Info.plist; sourceTree = "<group>"; };
		4CF842B219415DE3004DCFB6 /* AppDelegate.swift */ = {isa = PBXFileReference; lastKnownFileType = sourcecode.swift; path = AppDelegate.swift; sourceTree = "<group>"; };
		4CF842B419415DE3004DCFB6 /* Images.xcassets */ = {isa = PBXFileReference; lastKnownFileType = folder.assetcatalog; path = Images.xcassets; sourceTree = "<group>"; };
		4CF842BA19415DE3004DCFB6 /* DateExtensionTests.xctest */ = {isa = PBXFileReference; explicitFileType = wrapper.cfbundle; includeInIndex = 0; path = DateExtensionTests.xctest; sourceTree = BUILT_PRODUCTS_DIR; };
		4CF842BF19415DE3004DCFB6 /* Info.plist */ = {isa = PBXFileReference; lastKnownFileType = text.plist.xml; path = Info.plist; sourceTree = "<group>"; };
		4CF842C019415DE3004DCFB6 /* DateExtensionTests.swift */ = {isa = PBXFileReference; lastKnownFileType = sourcecode.swift; path = DateExtensionTests.swift; sourceTree = "<group>"; };
		4CF842CA19415E18004DCFB6 /* DateExtension.swift */ = {isa = PBXFileReference; fileEncoding = 4; lastKnownFileType = sourcecode.swift; path = DateExtension.swift; sourceTree = "<group>"; };
/* End PBXFileReference section */

/* Begin PBXFrameworksBuildPhase section */
		4CF842AA19415DE3004DCFB6 /* Frameworks */ = {
			isa = PBXFrameworksBuildPhase;
			buildActionMask = 2147483647;
			files = (
			);
			runOnlyForDeploymentPostprocessing = 0;
		};
		4CF842B719415DE3004DCFB6 /* Frameworks */ = {
			isa = PBXFrameworksBuildPhase;
			buildActionMask = 2147483647;
			files = (
			);
			runOnlyForDeploymentPostprocessing = 0;
		};
/* End PBXFrameworksBuildPhase section */

/* Begin PBXGroup section */
		4CF842A419415DE3004DCFB6 = {
			isa = PBXGroup;
			children = (
				4CF842AF19415DE3004DCFB6 /* DateExtension */,
				4CF842BD19415DE3004DCFB6 /* DateExtensionTests */,
				4CF842AE19415DE3004DCFB6 /* Products */,
			);
			sourceTree = "<group>";
		};
		4CF842AE19415DE3004DCFB6 /* Products */ = {
			isa = PBXGroup;
			children = (
				4CF842AD19415DE3004DCFB6 /* DateExtension.app */,
				4CF842BA19415DE3004DCFB6 /* DateExtensionTests.xctest */,
			);
			name = Products;
			sourceTree = "<group>";
		};
		4CF842AF19415DE3004DCFB6 /* DateExtension */ = {
			isa = PBXGroup;
			children = (
				4CF842B219415DE3004DCFB6 /* AppDelegate.swift */,
				4CF842B419415DE3004DCFB6 /* Images.xcassets */,
				4CF842B019415DE3004DCFB6 /* Supporting Files */,
				4CF842CA19415E18004DCFB6 /* DateExtension.swift */,
			);
			path = DateExtension;
			sourceTree = "<group>";
		};
		4CF842B019415DE3004DCFB6 /* Supporting Files */ = {
			isa = PBXGroup;
			children = (
				4CF842B119415DE3004DCFB6 /* Info.plist */,
			);
			name = "Supporting Files";
			sourceTree = "<group>";
		};
		4CF842BD19415DE3004DCFB6 /* DateExtensionTests */ = {
			isa = PBXGroup;
			children = (
				4CF842C019415DE3004DCFB6 /* DateExtensionTests.swift */,
				4CF842BE19415DE3004DCFB6 /* Supporting Files */,
			);
			path = DateExtensionTests;
			sourceTree = "<group>";
		};
		4CF842BE19415DE3004DCFB6 /* Supporting Files */ = {
			isa = PBXGroup;
			children = (
				4CF842BF19415DE3004DCFB6 /* Info.plist */,
			);
			name = "Supporting Files";
			sourceTree = "<group>";
		};
/* End PBXGroup section */

/* Begin PBXNativeTarget section */
		4CF842AC19415DE3004DCFB6 /* DateExtension */ = {
			isa = PBXNativeTarget;
			buildConfigurationList = 4CF842C419415DE3004DCFB6 /* Build configuration list for PBXNativeTarget "DateExtension" */;
			buildPhases = (
				4CF842A919415DE3004DCFB6 /* Sources */,
				4CF842AA19415DE3004DCFB6 /* Frameworks */,
				4CF842AB19415DE3004DCFB6 /* Resources */,
			);
			buildRules = (
			);
			dependencies = (
			);
			name = DateExtension;
			productName = DateExtension;
			productReference = 4CF842AD19415DE3004DCFB6 /* DateExtension.app */;
			productType = "com.apple.product-type.application";
		};
		4CF842B919415DE3004DCFB6 /* DateExtensionTests */ = {
			isa = PBXNativeTarget;
			buildConfigurationList = 4CF842C719415DE3004DCFB6 /* Build configuration list for PBXNativeTarget "DateExtensionTests" */;
			buildPhases = (
				4CF842B619415DE3004DCFB6 /* Sources */,
				4CF842B719415DE3004DCFB6 /* Frameworks */,
				4CF842B819415DE3004DCFB6 /* Resources */,
			);
			buildRules = (
			);
			dependencies = (
				4CF842BC19415DE3004DCFB6 /* PBXTargetDependency */,
			);
			name = DateExtensionTests;
			productName = DateExtensionTests;
			productReference = 4CF842BA19415DE3004DCFB6 /* DateExtensionTests.xctest */;
			productType = "com.apple.product-type.bundle.unit-test";
		};
/* End PBXNativeTarget section */

/* Begin PBXProject section */
		4CF842A519415DE3004DCFB6 /* Project object */ = {
			isa = PBXProject;
			attributes = {
				LastSwiftMigration = 0700;
				LastSwiftUpdateCheck = 0700;
				LastUpgradeCheck = 0820;
				ORGANIZATIONNAME = al7dev;
				TargetAttributes = {
					4CF842AC19415DE3004DCFB6 = {
						CreatedOnToolsVersion = 6.0;
						LastSwiftMigration = 0800;
					};
					4CF842B919415DE3004DCFB6 = {
						CreatedOnToolsVersion = 6.0;
						LastSwiftMigration = 0800;
						TestTargetID = 4CF842AC19415DE3004DCFB6;
					};
				};
			};
			buildConfigurationList = 4CF842A819415DE3004DCFB6 /* Build configuration list for PBXProject "DateExtension" */;
			compatibilityVersion = "Xcode 3.2";
			developmentRegion = English;
			hasScannedForEncodings = 0;
			knownRegions = (
				en,
			);
			mainGroup = 4CF842A419415DE3004DCFB6;
			productRefGroup = 4CF842AE19415DE3004DCFB6 /* Products */;
			projectDirPath = "";
			projectRoot = "";
			targets = (
				4CF842AC19415DE3004DCFB6 /* DateExtension */,
				4CF842B919415DE3004DCFB6 /* DateExtensionTests */,
			);
		};
/* End PBXProject section */

/* Begin PBXResourcesBuildPhase section */
		4CF842AB19415DE3004DCFB6 /* Resources */ = {
			isa = PBXResourcesBuildPhase;
			buildActionMask = 2147483647;
			files = (
				4CF842B519415DE3004DCFB6 /* Images.xcassets in Resources */,
			);
			runOnlyForDeploymentPostprocessing = 0;
		};
		4CF842B819415DE3004DCFB6 /* Resources */ = {
			isa = PBXResourcesBuildPhase;
			buildActionMask = 2147483647;
			files = (
			);
			runOnlyForDeploymentPostprocessing = 0;
		};
/* End PBXResourcesBuildPhase section */

/* Begin PBXSourcesBuildPhase section */
		4CF842A919415DE3004DCFB6 /* Sources */ = {
			isa = PBXSourcesBuildPhase;
			buildActionMask = 2147483647;
			files = (
				4CF842B319415DE3004DCFB6 /* AppDelegate.swift in Sources */,
				4CF842CB19415E18004DCFB6 /* DateExtension.swift in Sources */,
			);
			runOnlyForDeploymentPostprocessing = 0;
		};
		4CF842B619415DE3004DCFB6 /* Sources */ = {
			isa = PBXSourcesBuildPhase;
			buildActionMask = 2147483647;
			files = (
				4CF842C119415DE3004DCFB6 /* DateExtensionTests.swift in Sources */,
				4CF842CC19415E18004DCFB6 /* DateExtension.swift in Sources */,
			);
			runOnlyForDeploymentPostprocessing = 0;
		};
/* End PBXSourcesBuildPhase section */

/* Begin PBXTargetDependency section */
		4CF842BC19415DE3004DCFB6 /* PBXTargetDependency */ = {
			isa = PBXTargetDependency;
			target = 4CF842AC19415DE3004DCFB6 /* DateExtension */;
			targetProxy = 4CF842BB19415DE3004DCFB6 /* PBXContainerItemProxy */;
		};
/* End PBXTargetDependency section */

/* Begin XCBuildConfiguration section */
		4CF842C219415DE3004DCFB6 /* Debug */ = {
			isa = XCBuildConfiguration;
			buildSettings = {
				ALWAYS_SEARCH_USER_PATHS = NO;
				CLANG_CXX_LANGUAGE_STANDARD = "gnu++0x";
				CLANG_CXX_LIBRARY = "libc++";
				CLANG_ENABLE_MODULES = YES;
				CLANG_ENABLE_OBJC_ARC = YES;
				CLANG_WARN_BOOL_CONVERSION = YES;
				CLANG_WARN_CONSTANT_CONVERSION = YES;
				CLANG_WARN_DIRECT_OBJC_ISA_USAGE = YES_ERROR;
				CLANG_WARN_EMPTY_BODY = YES;
				CLANG_WARN_ENUM_CONVERSION = YES;
				CLANG_WARN_INFINITE_RECURSION = YES;
				CLANG_WARN_INT_CONVERSION = YES;
				CLANG_WARN_OBJC_ROOT_CLASS = YES_ERROR;
				CLANG_WARN_SUSPICIOUS_MOVE = YES;
				CLANG_WARN_UNREACHABLE_CODE = YES;
				CLANG_WARN__DUPLICATE_METHOD_MATCH = YES;
				"CODE_SIGN_IDENTITY[sdk=iphoneos*]" = "iPhone Developer";
				COPY_PHASE_STRIP = NO;
				ENABLE_STRICT_OBJC_MSGSEND = YES;
				ENABLE_TESTABILITY = YES;
				GCC_C_LANGUAGE_STANDARD = gnu99;
				GCC_DYNAMIC_NO_PIC = NO;
				GCC_NO_COMMON_BLOCKS = YES;
				GCC_OPTIMIZATION_LEVEL = 0;
				GCC_PREPROCESSOR_DEFINITIONS = (
					"DEBUG=1",
					"$(inherited)",
				);
				GCC_SYMBOLS_PRIVATE_EXTERN = NO;
				GCC_WARN_64_TO_32_BIT_CONVERSION = YES;
				GCC_WARN_ABOUT_RETURN_TYPE = YES_ERROR;
				GCC_WARN_UNDECLARED_SELECTOR = YES;
				GCC_WARN_UNINITIALIZED_AUTOS = YES_AGGRESSIVE;
				GCC_WARN_UNUSED_FUNCTION = YES;
				GCC_WARN_UNUSED_VARIABLE = YES;
				IPHONEOS_DEPLOYMENT_TARGET = 8.0;
				METAL_ENABLE_DEBUG_INFO = YES;
				ONLY_ACTIVE_ARCH = YES;
				SDKROOT = iphoneos;
				SWIFT_OPTIMIZATION_LEVEL = "-Onone";
				SWIFT_VERSION = 3.0;
			};
			name = Debug;
		};
		4CF842C319415DE3004DCFB6 /* Release */ = {
			isa = XCBuildConfiguration;
			buildSettings = {
				ALWAYS_SEARCH_USER_PATHS = NO;
				CLANG_CXX_LANGUAGE_STANDARD = "gnu++0x";
				CLANG_CXX_LIBRARY = "libc++";
				CLANG_ENABLE_MODULES = YES;
				CLANG_ENABLE_OBJC_ARC = YES;
				CLANG_WARN_BOOL_CONVERSION = YES;
				CLANG_WARN_CONSTANT_CONVERSION = YES;
				CLANG_WARN_DIRECT_OBJC_ISA_USAGE = YES_ERROR;
				CLANG_WARN_EMPTY_BODY = YES;
				CLANG_WARN_ENUM_CONVERSION = YES;
				CLANG_WARN_INFINITE_RECURSION = YES;
				CLANG_WARN_INT_CONVERSION = YES;
				CLANG_WARN_OBJC_ROOT_CLASS = YES_ERROR;
				CLANG_WARN_SUSPICIOUS_MOVE = YES;
				CLANG_WARN_UNREACHABLE_CODE = YES;
				CLANG_WARN__DUPLICATE_METHOD_MATCH = YES;
				"CODE_SIGN_IDENTITY[sdk=iphoneos*]" = "iPhone Developer";
				COPY_PHASE_STRIP = YES;
				ENABLE_NS_ASSERTIONS = NO;
				ENABLE_STRICT_OBJC_MSGSEND = YES;
				GCC_C_LANGUAGE_STANDARD = gnu99;
				GCC_NO_COMMON_BLOCKS = YES;
				GCC_WARN_64_TO_32_BIT_CONVERSION = YES;
				GCC_WARN_ABOUT_RETURN_TYPE = YES_ERROR;
				GCC_WARN_UNDECLARED_SELECTOR = YES;
				GCC_WARN_UNINITIALIZED_AUTOS = YES_AGGRESSIVE;
				GCC_WARN_UNUSED_FUNCTION = YES;
				GCC_WARN_UNUSED_VARIABLE = YES;
				IPHONEOS_DEPLOYMENT_TARGET = 8.0;
				METAL_ENABLE_DEBUG_INFO = NO;
				SDKROOT = iphoneos;
				SWIFT_OPTIMIZATION_LEVEL = "-Owholemodule";
				SWIFT_VERSION = 3.0;
				VALIDATE_PRODUCT = YES;
			};
			name = Release;
		};
		4CF842C519415DE3004DCFB6 /* Debug */ = {
			isa = XCBuildConfiguration;
			buildSettings = {
				ASSETCATALOG_COMPILER_APPICON_NAME = AppIcon;
				ASSETCATALOG_COMPILER_LAUNCHIMAGE_NAME = LaunchImage;
				INFOPLIST_FILE = DateExtension/Info.plist;
				LD_RUNPATH_SEARCH_PATHS = "$(inherited) @executable_path/Frameworks";
				PRODUCT_BUNDLE_IDENTIFIER = "com.al7dev.${PRODUCT_NAME:rfc1034identifier}";
				PRODUCT_NAME = "$(TARGET_NAME)";
				SWIFT_VERSION = 3.0;
			};
			name = Debug;
		};
		4CF842C619415DE3004DCFB6 /* Release */ = {
			isa = XCBuildConfiguration;
			buildSettings = {
				ASSETCATALOG_COMPILER_APPICON_NAME = AppIcon;
				ASSETCATALOG_COMPILER_LAUNCHIMAGE_NAME = LaunchImage;
				INFOPLIST_FILE = DateExtension/Info.plist;
				LD_RUNPATH_SEARCH_PATHS = "$(inherited) @executable_path/Frameworks";
				PRODUCT_BUNDLE_IDENTIFIER = "com.al7dev.${PRODUCT_NAME:rfc1034identifier}";
				PRODUCT_NAME = "$(TARGET_NAME)";
				SWIFT_VERSION = 3.0;
			};
			name = Release;
		};
		4CF842C819415DE3004DCFB6 /* Debug */ = {
			isa = XCBuildConfiguration;
			buildSettings = {
				BUNDLE_LOADER = "$(BUILT_PRODUCTS_DIR)/DateExtension.app/DateExtension";
				FRAMEWORK_SEARCH_PATHS = (
					"$(SDKROOT)/Developer/Library/Frameworks",
					"$(inherited)",
				);
				GCC_PREPROCESSOR_DEFINITIONS = (
					"DEBUG=1",
					"$(inherited)",
				);
				INFOPLIST_FILE = DateExtensionTests/Info.plist;
				LD_RUNPATH_SEARCH_PATHS = "$(inherited) @executable_path/Frameworks @loader_path/Frameworks";
				METAL_ENABLE_DEBUG_INFO = YES;
				PRODUCT_BUNDLE_IDENTIFIER = "com.al7dev.${PRODUCT_NAME:rfc1034identifier}";
				PRODUCT_NAME = "$(TARGET_NAME)";
				SWIFT_VERSION = 3.0;
				TEST_HOST = "$(BUNDLE_LOADER)";
			};
			name = Debug;
		};
		4CF842C919415DE3004DCFB6 /* Release */ = {
			isa = XCBuildConfiguration;
			buildSettings = {
				BUNDLE_LOADER = "$(BUILT_PRODUCTS_DIR)/DateExtension.app/DateExtension";
				FRAMEWORK_SEARCH_PATHS = (
					"$(SDKROOT)/Developer/Library/Frameworks",
					"$(inherited)",
				);
				INFOPLIST_FILE = DateExtensionTests/Info.plist;
				LD_RUNPATH_SEARCH_PATHS = "$(inherited) @executable_path/Frameworks @loader_path/Frameworks";
				METAL_ENABLE_DEBUG_INFO = NO;
				PRODUCT_BUNDLE_IDENTIFIER = "com.al7dev.${PRODUCT_NAME:rfc1034identifier}";
				PRODUCT_NAME = "$(TARGET_NAME)";
				SWIFT_VERSION = 3.0;
				TEST_HOST = "$(BUNDLE_LOADER)";
			};
			name = Release;
		};
/* End XCBuildConfiguration section */

/* Begin XCConfigurationList section */
		4CF842A819415DE3004DCFB6 /* Build configuration list for PBXProject "DateExtension" */ = {
			isa = XCConfigurationList;
			buildConfigurations = (
				4CF842C219415DE3004DCFB6 /* Debug */,
				4CF842C319415DE3004DCFB6 /* Release */,
			);
			defaultConfigurationIsVisible = 0;
			defaultConfigurationName = Release;
		};
		4CF842C419415DE3004DCFB6 /* Build configuration list for PBXNativeTarget "DateExtension" */ = {
			isa = XCConfigurationList;
			buildConfigurations = (
				4CF842C519415DE3004DCFB6 /* Debug */,
				4CF842C619415DE3004DCFB6 /* Release */,
			);
			defaultConfigurationIsVisible = 0;
			defaultConfigurationName = Release;
		};
		4CF842C719415DE3004DCFB6 /* Build configuration list for PBXNativeTarget "DateExtensionTests" */ = {
			isa = XCConfigurationList;
			buildConfigurations = (
				4CF842C819415DE3004DCFB6 /* Debug */,
				4CF842C919415DE3004DCFB6 /* Release */,
			);
			defaultConfigurationIsVisible = 0;
			defaultConfigurationName = Release;
		};
/* End XCConfigurationList section */
	};
	rootObject = 4CF842A519415DE3004DCFB6 /* Project object */;
}
